
Microsoft Visual Studio Solution File, Format Version 12.00
# Visual Studio Version 17
VisualStudioVersion = 17.4.33110.190
MinimumVisualStudioVersion = 10.0.40219.1
Project("{FAE04EC0-301F-11D3-BF4B-00C04F79EFBC}") = "ConsoleApp44", "ConsoleApp44\ConsoleApp44.csproj", "{52012A73-D556-4A2E-AC78-F8CF46AA44F6}"
EndProject
Global
	GlobalSection(SolutionConfigurationPlatforms) = preSolution
		Debug|Any CPU = Debug|Any CPU
		Release|Any CPU = Release|Any CPU
	EndGlobalSection
	GlobalSection(ProjectConfigurationPlatforms) = postSolution
		{52012A73-D556-4A2E-AC78-F8CF46AA44F6}.Debug|Any CPU.ActiveCfg = Debug|Any CPU
		{52012A73-D556-4A2E-AC78-F8CF46AA44F6}.Debug|Any CPU.Build.0 = Debug|Any CPU
		{52012A73-D556-4A2E-AC78-F8CF46AA44F6}.Release|Any CPU.ActiveCfg = Release|Any CPU
		{52012A73-D556-4A2E-AC78-F8CF46AA44F6}.Release|Any CPU.Build.0 = Release|Any CPU
	EndGlobalSection
	GlobalSection(SolutionProperties) = preSolution
		HideSolutionNode = FALSE
	EndGlobalSection
	GlobalSection(ExtensibilityGlobals) = postSolution
		SolutionGuid = {7940E54F-388B-4A8F-8FF3-665EFA76A5A0}
	EndGlobalSection
EndGlobal
